
Microsoft Visual Studio Solution File, Format Version 12.00
# Visual Studio Version 17
VisualStudioVersion = 17.11.35327.3
MinimumVisualStudioVersion = 10.0.40219.1
Project("{FAE04EC0-301F-11D3-BF4B-00C04F79EFBC}") = "PBL3", "PBL3.csproj", "{44BFDB28-1D39-4F64-9F10-A2DA968D147C}"
EndProject
Global
	GlobalSection(SolutionConfigurationPlatforms) = preSolution
		Debug|Any CPU = Debug|Any CPU
		Release|Any CPU = Release|Any CPU
	EndGlobalSection
	GlobalSection(ProjectConfigurationPlatforms) = postSolution
		{44BFDB28-1D39-4F64-9F10-A2DA968D147C}.Debug|Any CPU.ActiveCfg = Debug|Any CPU
		{44BFDB28-1D39-4F64-9F10-A2DA968D147C}.Debug|Any CPU.Build.0 = Debug|Any CPU
		{44BFDB28-1D39-4F64-9F10-A2DA968D147C}.Release|Any CPU.ActiveCfg = Release|Any CPU
		{44BFDB28-1D39-4F64-9F10-A2DA968D147C}.Release|Any CPU.Build.0 = Release|Any CPU
	EndGlobalSection
	GlobalSection(SolutionProperties) = preSolution
		HideSolutionNode = FALSE
	EndGlobalSection
	GlobalSection(ExtensibilityGlobals) = postSolution
		SolutionGuid = {47215580-7E4E-498F-81E2-7852566D0B58}
	EndGlobalSection
EndGlobal
